
Microsoft Visual Studio Solution File, Format Version 12.00
# Visual Studio Version 16
VisualStudioVersion = 16.0.29123.88
MinimumVisualStudioVersion = 10.0.40219.1
Project("{FAE04EC0-301F-11D3-BF4B-00C04F79EFBC}") = "CFWBootLightshowMaker", "CFWBootLightshowMaker\CFWBootLightshowMaker.csproj", "{B328681A-6227-4412-BAB9-6D852481175A}"
EndProject
Global
	GlobalSection(SolutionConfigurationPlatforms) = preSolution
		Debug|Any CPU = Debug|Any CPU
		Release|Any CPU = Release|Any CPU
	EndGlobalSection
	GlobalSection(ProjectConfigurationPlatforms) = postSolution
		{B328681A-6227-4412-BAB9-6D852481175A}.Debug|Any CPU.ActiveCfg = Debug|Any CPU
		{B328681A-6227-4412-BAB9-6D852481175A}.Debug|Any CPU.Build.0 = Debug|Any CPU
		{B328681A-6227-4412-BAB9-6D852481175A}.Release|Any CPU.ActiveCfg = Release|Any CPU
		{B328681A-6227-4412-BAB9-6D852481175A}.Release|Any CPU.Build.0 = Release|Any CPU
	EndGlobalSection
	GlobalSection(SolutionProperties) = preSolution
		HideSolutionNode = FALSE
	EndGlobalSection
	GlobalSection(ExtensibilityGlobals) = postSolution
		SolutionGuid = {8688633C-B527-4BC7-AB67-D52127BDF5BF}
	EndGlobalSection
EndGlobal
